// !$*UTF8*$!
{
	archiveVersion = 1;
	classes = {
	};
	objectVersion = 77;
	objects = {

/* Begin PBXBuildFile section */
		11D3C4D89E94DF90FBFC4BAF /* ExerciseValidatorTests.swift in Sources */ = {isa = PBXBuildFile; fileRef = 5BD4954D7D6BD0DF774504E7 /* ExerciseValidatorTests.swift */; };
		13020FC67285BE4ABAD61B04 /* LearnPathApp.swift in Sources */ = {isa = PBXBuildFile; fileRef = 0F73958172C063E548ED8C14 /* LearnPathApp.swift */; };
		1F577A1B402884A3FC8F085A /* LearningPath.swift in Sources */ = {isa = PBXBuildFile; fileRef = ADD9F9EFC8C3EA55E03CB6B5 /* LearningPath.swift */; };
		21A75A8BB6F805CB17C78CDF /* SwiftDataModels.swift in Sources */ = {isa = PBXBuildFile; fileRef = 815C6AE8DBACDCC3F1190829 /* SwiftDataModels.swift */; };
		3BF5ED2AEACCF09E5C75C8A4 /* ContentView.swift in Sources */ = {isa = PBXBuildFile; fileRef = 3EEDAD0468F7B16E47F76472 /* ContentView.swift */; };
		4344C89F81A710E7430ECBF9 /* JSONParser.swift in Sources */ = {isa = PBXBuildFile; fileRef = 82B195CF43720AF5092CC885 /* JSONParser.swift */; };
		4B38EC9C55B4CC1CD088BBCB /* LessonGenerator.swift in Sources */ = {isa = PBXBuildFile; fileRef = 991693D61B59CEC204998CB0 /* LessonGenerator.swift */; };
		4E775F3C420849A2489A38FD /* ExerciseViews.swift in Sources */ = {isa = PBXBuildFile; fileRef = AD9F7358CC757E1C6F4C063F /* ExerciseViews.swift */; };
		514ECFC6D86819717B2319D0 /* TopicInputView.swift in Sources */ = {isa = PBXBuildFile; fileRef = 77B51B6BE301535F040EC196 /* TopicInputView.swift */; };
		60D137EC5B05BA83F37FD4E5 /* LevelDetailView.swift in Sources */ = {isa = PBXBuildFile; fileRef = 35CA06FCEDB43123B896F0DA /* LevelDetailView.swift */; };
		6FC4CFB9661BA0712AD58DFC /* PathGenerator.swift in Sources */ = {isa = PBXBuildFile; fileRef = 76CF54857B48AB7B939811C3 /* PathGenerator.swift */; };
		879B22DB9A5ABD15212BF815 /* PathView.swift in Sources */ = {isa = PBXBuildFile; fileRef = F7229BE67FE12D3AA7337DDB /* PathView.swift */; };
		90C833C654EFB87B916118D5 /* Exercise.swift in Sources */ = {isa = PBXBuildFile; fileRef = 5AF6817D76EB5C6D0A7838CD /* Exercise.swift */; };
		9AE79924AA815CD78E8C2B01 /* LessonView.swift in Sources */ = {isa = PBXBuildFile; fileRef = 4C28B644AD8B737C0F139E72 /* LessonView.swift */; };
		B37460A36CCC1A4790909EDB /* JSONParserTests.swift in Sources */ = {isa = PBXBuildFile; fileRef = 1EC739827463FE8EC8DD4FA8 /* JSONParserTests.swift */; };
		BA70A2548CF8D6A08103D7F4 /* ExerciseValidator.swift in Sources */ = {isa = PBXBuildFile; fileRef = 94F9CD7CA7C708295ABEF036 /* ExerciseValidator.swift */; };
		BBCD75AD355F87787A9CF741 /* ProgressViewModel.swift in Sources */ = {isa = PBXBuildFile; fileRef = 4ADCA96D8AF303C5D9BDD91E /* ProgressViewModel.swift */; };
		BD88A0F4FB64A70EF939CD81 /* Assets.xcassets in Resources */ = {isa = PBXBuildFile; fileRef = BEE45AE2C315BBEACD9CFE9C /* Assets.xcassets */; };
		CDA6EE479C306FE95F7F780B /* FeedbackView.swift in Sources */ = {isa = PBXBuildFile; fileRef = 05E0F2213CC599D99CAA752A /* FeedbackView.swift */; };
		CF6902D1E801B0AB99291205 /* AppModel.swift in Sources */ = {isa = PBXBuildFile; fileRef = 4F08B5AFDBEC4CE3B9529AB4 /* AppModel.swift */; };
		D906D99BFB2CF6013F7E31F0 /* CoreMLLLM in Frameworks */ = {isa = PBXBuildFile; productRef = 05D16C3895D85679E90656DB /* CoreMLLLM */; };
		DD1EE8F42F59A3EFFA4D4898 /* LLMEngine.swift in Sources */ = {isa = PBXBuildFile; fileRef = B1BCB96D6313867D970F359A /* LLMEngine.swift */; };
/* End PBXBuildFile section */

/* Begin PBXContainerItemProxy section */
		2D319DB2773422DCF5158946 /* PBXContainerItemProxy */ = {
			isa = PBXContainerItemProxy;
			containerPortal = 880E24606934E9503A2F92B0 /* Project object */;
			proxyType = 1;
			remoteGlobalIDString = 37F5A4F453DE7070B3F5B587;
			remoteInfo = LearnPath;
		};
/* End PBXContainerItemProxy section */

/* Begin PBXFileReference section */
		007832C67EC486B7F7E39D80 /* CoreML-LLM */ = {isa = PBXFileReference; lastKnownFileType = folder; name = "CoreML-LLM"; path = "Vendor/CoreML-LLM"; sourceTree = SOURCE_ROOT; };
		05E0F2213CC599D99CAA752A /* FeedbackView.swift */ = {isa = PBXFileReference; lastKnownFileType = sourcecode.swift; path = FeedbackView.swift; sourceTree = "<group>"; };
		0F73958172C063E548ED8C14 /* LearnPathApp.swift */ = {isa = PBXFileReference; lastKnownFileType = sourcecode.swift; path = LearnPathApp.swift; sourceTree = "<group>"; };
		1EC739827463FE8EC8DD4FA8 /* JSONParserTests.swift */ = {isa = PBXFileReference; lastKnownFileType = sourcecode.swift; path = JSONParserTests.swift; sourceTree = "<group>"; };
		35CA06FCEDB43123B896F0DA /* LevelDetailView.swift */ = {isa = PBXFileReference; lastKnownFileType = sourcecode.swift; path = LevelDetailView.swift; sourceTree = "<group>"; };
		3EEDAD0468F7B16E47F76472 /* ContentView.swift */ = {isa = PBXFileReference; lastKnownFileType = sourcecode.swift; path = ContentView.swift; sourceTree = "<group>"; };
		4ADCA96D8AF303C5D9BDD91E /* ProgressViewModel.swift */ = {isa = PBXFileReference; lastKnownFileType = sourcecode.swift; path = ProgressViewModel.swift; sourceTree = "<group>"; };
		4C28B644AD8B737C0F139E72 /* LessonView.swift */ = {isa = PBXFileReference; lastKnownFileType = sourcecode.swift; path = LessonView.swift; sourceTree = "<group>"; };
		4F08B5AFDBEC4CE3B9529AB4 /* AppModel.swift */ = {isa = PBXFileReference; lastKnownFileType = sourcecode.swift; path = AppModel.swift; sourceTree = "<group>"; };
		5AF6817D76EB5C6D0A7838CD /* Exercise.swift */ = {isa = PBXFileReference; lastKnownFileType = sourcecode.swift; path = Exercise.swift; sourceTree = "<group>"; };
		5BD4954D7D6BD0DF774504E7 /* ExerciseValidatorTests.swift */ = {isa = PBXFileReference; lastKnownFileType = sourcecode.swift; path = ExerciseValidatorTests.swift; sourceTree = "<group>"; };
		76CF54857B48AB7B939811C3 /* PathGenerator.swift */ = {isa = PBXFileReference; lastKnownFileType = sourcecode.swift; path = PathGenerator.swift; sourceTree = "<group>"; };
		77B51B6BE301535F040EC196 /* TopicInputView.swift */ = {isa = PBXFileReference; lastKnownFileType = sourcecode.swift; path = TopicInputView.swift; sourceTree = "<group>"; };
		815C6AE8DBACDCC3F1190829 /* SwiftDataModels.swift */ = {isa = PBXFileReference; lastKnownFileType = sourcecode.swift; path = SwiftDataModels.swift; sourceTree = "<group>"; };
		82B195CF43720AF5092CC885 /* JSONParser.swift */ = {isa = PBXFileReference; lastKnownFileType = sourcecode.swift; path = JSONParser.swift; sourceTree = "<group>"; };
		94F9CD7CA7C708295ABEF036 /* ExerciseValidator.swift */ = {isa = PBXFileReference; lastKnownFileType = sourcecode.swift; path = ExerciseValidator.swift; sourceTree = "<group>"; };
		991693D61B59CEC204998CB0 /* LessonGenerator.swift */ = {isa = PBXFileReference; lastKnownFileType = sourcecode.swift; path = LessonGenerator.swift; sourceTree = "<group>"; };
		AD9F7358CC757E1C6F4C063F /* ExerciseViews.swift */ = {isa = PBXFileReference; lastKnownFileType = sourcecode.swift; path = ExerciseViews.swift; sourceTree = "<group>"; };
		ADD9F9EFC8C3EA55E03CB6B5 /* LearningPath.swift */ = {isa = PBXFileReference; lastKnownFileType = sourcecode.swift; path = LearningPath.swift; sourceTree = "<group>"; };
		B1BCB96D6313867D970F359A /* LLMEngine.swift */ = {isa = PBXFileReference; lastKnownFileType = sourcecode.swift; path = LLMEngine.swift; sourceTree = "<group>"; };
		BAFC5D18121B450F7E6C7218 /* LearnPathTests.xctest */ = {isa = PBXFileReference; includeInIndex = 0; lastKnownFileType = wrapper.cfbundle; path = LearnPathTests.xctest; sourceTree = BUILT_PRODUCTS_DIR; };
		BEE45AE2C315BBEACD9CFE9C /* Assets.xcassets */ = {isa = PBXFileReference; lastKnownFileType = folder.assetcatalog; path = Assets.xcassets; sourceTree = "<group>"; };
		E9B40D93FD165B04BAD94EA6 /* LearnPath.app */ = {isa = PBXFileReference; includeInIndex = 0; lastKnownFileType = wrapper.application; path = LearnPath.app; sourceTree = BUILT_PRODUCTS_DIR; };
		F7229BE67FE12D3AA7337DDB /* PathView.swift */ = {isa = PBXFileReference; lastKnownFileType = sourcecode.swift; path = PathView.swift; sourceTree = "<group>"; };
/* End PBXFileReference section */

/* Begin PBXFrameworksBuildPhase section */
		79349F11DBB60E35795A38DF /* Frameworks */ = {
			isa = PBXFrameworksBuildPhase;
			buildActionMask = 2147483647;
			files = (
				D906D99BFB2CF6013F7E31F0 /* CoreMLLLM in Frameworks */,
			);
			runOnlyForDeploymentPostprocessing = 0;
		};
/* End PBXFrameworksBuildPhase section */

/* Begin PBXGroup section */
		00049022FA3AF19F051FC9E8 /* App */ = {
			isa = PBXGroup;
			children = (
				4F08B5AFDBEC4CE3B9529AB4 /* AppModel.swift */,
				3EEDAD0468F7B16E47F76472 /* ContentView.swift */,
				0F73958172C063E548ED8C14 /* LearnPathApp.swift */,
			);
			path = App;
			sourceTree = "<group>";
		};
		066483B54FBB14A22BF67AA2 = {
			isa = PBXGroup;
			children = (
				336D2575B63B0C4D62DA49B9 /* LearnPath */,
				5BEF9B82BB7E4CC0E7B98C4D /* LearnPathTests */,
				FC52EB9173F6E1BF20BDAC83 /* Packages */,
				D80A8B905D94D1EF455D29DE /* Products */,
			);
			sourceTree = "<group>";
		};
		1596735C3E331DF73B06E17E /* Models */ = {
			isa = PBXGroup;
			children = (
				5AF6817D76EB5C6D0A7838CD /* Exercise.swift */,
				ADD9F9EFC8C3EA55E03CB6B5 /* LearningPath.swift */,
			);
			path = Models;
			sourceTree = "<group>";
		};
		2ACDC0ED38D81B13E73832E9 /* AI */ = {
			isa = PBXGroup;
			children = (
				82B195CF43720AF5092CC885 /* JSONParser.swift */,
				991693D61B59CEC204998CB0 /* LessonGenerator.swift */,
				B1BCB96D6313867D970F359A /* LLMEngine.swift */,
				76CF54857B48AB7B939811C3 /* PathGenerator.swift */,
			);
			path = AI;
			sourceTree = "<group>";
		};
		336D2575B63B0C4D62DA49B9 /* LearnPath */ = {
			isa = PBXGroup;
			children = (
				BEE45AE2C315BBEACD9CFE9C /* Assets.xcassets */,
				2ACDC0ED38D81B13E73832E9 /* AI */,
				00049022FA3AF19F051FC9E8 /* App */,
				1596735C3E331DF73B06E17E /* Models */,
				AB14498E09C58E620D38EEA7 /* Persistence */,
				EFA1A89FDD0CCD976497744D /* Validation */,
				718C119CE4DD36B52C47D5A3 /* Views */,
			);
			path = LearnPath;
			sourceTree = "<group>";
		};
		5BEF9B82BB7E4CC0E7B98C4D /* LearnPathTests */ = {
			isa = PBXGroup;
			children = (
				5BD4954D7D6BD0DF774504E7 /* ExerciseValidatorTests.swift */,
				1EC739827463FE8EC8DD4FA8 /* JSONParserTests.swift */,
			);
			path = LearnPathTests;
			sourceTree = "<group>";
		};
		718C119CE4DD36B52C47D5A3 /* Views */ = {
			isa = PBXGroup;
			children = (
				AD9F7358CC757E1C6F4C063F /* ExerciseViews.swift */,
				05E0F2213CC599D99CAA752A /* FeedbackView.swift */,
				4C28B644AD8B737C0F139E72 /* LessonView.swift */,
				35CA06FCEDB43123B896F0DA /* LevelDetailView.swift */,
				F7229BE67FE12D3AA7337DDB /* PathView.swift */,
				77B51B6BE301535F040EC196 /* TopicInputView.swift */,
			);
			path = Views;
			sourceTree = "<group>";
		};
		AB14498E09C58E620D38EEA7 /* Persistence */ = {
			isa = PBXGroup;
			children = (
				4ADCA96D8AF303C5D9BDD91E /* ProgressViewModel.swift */,
				815C6AE8DBACDCC3F1190829 /* SwiftDataModels.swift */,
			);
			path = Persistence;
			sourceTree = "<group>";
		};
		D80A8B905D94D1EF455D29DE /* Products */ = {
			isa = PBXGroup;
			children = (
				E9B40D93FD165B04BAD94EA6 /* LearnPath.app */,
				BAFC5D18121B450F7E6C7218 /* LearnPathTests.xctest */,
			);
			name = Products;
			sourceTree = "<group>";
		};
		EFA1A89FDD0CCD976497744D /* Validation */ = {
			isa = PBXGroup;
			children = (
				94F9CD7CA7C708295ABEF036 /* ExerciseValidator.swift */,
			);
			path = Validation;
			sourceTree = "<group>";
		};
		FC52EB9173F6E1BF20BDAC83 /* Packages */ = {
			isa = PBXGroup;
			children = (
				007832C67EC486B7F7E39D80 /* CoreML-LLM */,
			);
			name = Packages;
			sourceTree = "<group>";
		};
/* End PBXGroup section */

/* Begin PBXNativeTarget section */
		37F5A4F453DE7070B3F5B587 /* LearnPath */ = {
			isa = PBXNativeTarget;
			buildConfigurationList = 6578CE5AEE2492E389D4F08B /* Build configuration list for PBXNativeTarget "LearnPath" */;
			buildPhases = (
				2A33B95DDEA65CE369450022 /* Sources */,
				341091AD6333ED7601F4F8CB /* Resources */,
				79349F11DBB60E35795A38DF /* Frameworks */,
			);
			buildRules = (
			);
			dependencies = (
			);
			name = LearnPath;
			packageProductDependencies = (
				05D16C3895D85679E90656DB /* CoreMLLLM */,
			);
			productName = LearnPath;
			productReference = E9B40D93FD165B04BAD94EA6 /* LearnPath.app */;
			productType = "com.apple.product-type.application";
		};
		E702584A60A26E542DEB8C30 /* LearnPathTests */ = {
			isa = PBXNativeTarget;
			buildConfigurationList = 0DFFCD28FAFDFCCB757E9559 /* Build configuration list for PBXNativeTarget "LearnPathTests" */;
			buildPhases = (
				1EE52689D72B48AB2CB9356B /* Sources */,
			);
			buildRules = (
			);
			dependencies = (
				061D07FC11E5C4BFC8231E66 /* PBXTargetDependency */,
			);
			name = LearnPathTests;
			packageProductDependencies = (
			);
			productName = LearnPathTests;
			productReference = BAFC5D18121B450F7E6C7218 /* LearnPathTests.xctest */;
			productType = "com.apple.product-type.bundle.unit-test";
		};
/* End PBXNativeTarget section */

/* Begin PBXProject section */
		880E24606934E9503A2F92B0 /* Project object */ = {
			isa = PBXProject;
			attributes = {
				BuildIndependentTargetsInParallel = YES;
				LastUpgradeCheck = 1430;
				TargetAttributes = {
					37F5A4F453DE7070B3F5B587 = {
						DevelopmentTeam = 79FR46R3Y5;
						ProvisioningStyle = Automatic;
					};
					E702584A60A26E542DEB8C30 = {
						DevelopmentTeam = 79FR46R3Y5;
						ProvisioningStyle = Automatic;
					};
				};
			};
			buildConfigurationList = 5145A99F13F79B061E3CD25B /* Build configuration list for PBXProject "LearnPath" */;
			developmentRegion = en;
			hasScannedForEncodings = 0;
			knownRegions = (
				Base,
				en,
			);
			mainGroup = 066483B54FBB14A22BF67AA2;
			minimizedProjectReferenceProxies = 1;
			packageReferences = (
				332F855673114704CED42E19 /* XCLocalSwiftPackageReference "Vendor/CoreML-LLM" */,
			);
			preferredProjectObjectVersion = 77;
			productRefGroup = D80A8B905D94D1EF455D29DE /* Products */;
			projectDirPath = "";
			projectRoot = "";
			targets = (
				37F5A4F453DE7070B3F5B587 /* LearnPath */,
				E702584A60A26E542DEB8C30 /* LearnPathTests */,
			);
		};
/* End PBXProject section */

/* Begin PBXResourcesBuildPhase section */
		341091AD6333ED7601F4F8CB /* Resources */ = {
			isa = PBXResourcesBuildPhase;
			buildActionMask = 2147483647;
			files = (
				BD88A0F4FB64A70EF939CD81 /* Assets.xcassets in Resources */,
			);
			runOnlyForDeploymentPostprocessing = 0;
		};
/* End PBXResourcesBuildPhase section */

/* Begin PBXSourcesBuildPhase section */
		1EE52689D72B48AB2CB9356B /* Sources */ = {
			isa = PBXSourcesBuildPhase;
			buildActionMask = 2147483647;
			files = (
				11D3C4D89E94DF90FBFC4BAF /* ExerciseValidatorTests.swift in Sources */,
				B37460A36CCC1A4790909EDB /* JSONParserTests.swift in Sources */,
			);
			runOnlyForDeploymentPostprocessing = 0;
		};
		2A33B95DDEA65CE369450022 /* Sources */ = {
			isa = PBXSourcesBuildPhase;
			buildActionMask = 2147483647;
			files = (
				CF6902D1E801B0AB99291205 /* AppModel.swift in Sources */,
				3BF5ED2AEACCF09E5C75C8A4 /* ContentView.swift in Sources */,
				90C833C654EFB87B916118D5 /* Exercise.swift in Sources */,
				BA70A2548CF8D6A08103D7F4 /* ExerciseValidator.swift in Sources */,
				4E775F3C420849A2489A38FD /* ExerciseViews.swift in Sources */,
				CDA6EE479C306FE95F7F780B /* FeedbackView.swift in Sources */,
				4344C89F81A710E7430ECBF9 /* JSONParser.swift in Sources */,
				DD1EE8F42F59A3EFFA4D4898 /* LLMEngine.swift in Sources */,
				13020FC67285BE4ABAD61B04 /* LearnPathApp.swift in Sources */,
				1F577A1B402884A3FC8F085A /* LearningPath.swift in Sources */,
				4B38EC9C55B4CC1CD088BBCB /* LessonGenerator.swift in Sources */,
				9AE79924AA815CD78E8C2B01 /* LessonView.swift in Sources */,
				60D137EC5B05BA83F37FD4E5 /* LevelDetailView.swift in Sources */,
				6FC4CFB9661BA0712AD58DFC /* PathGenerator.swift in Sources */,
				879B22DB9A5ABD15212BF815 /* PathView.swift in Sources */,
				BBCD75AD355F87787A9CF741 /* ProgressViewModel.swift in Sources */,
				21A75A8BB6F805CB17C78CDF /* SwiftDataModels.swift in Sources */,
				514ECFC6D86819717B2319D0 /* TopicInputView.swift in Sources */,
			);
			runOnlyForDeploymentPostprocessing = 0;
		};
/* End PBXSourcesBuildPhase section */

/* Begin PBXTargetDependency section */
		061D07FC11E5C4BFC8231E66 /* PBXTargetDependency */ = {
			isa = PBXTargetDependency;
			target = 37F5A4F453DE7070B3F5B587 /* LearnPath */;
			targetProxy = 2D319DB2773422DCF5158946 /* PBXContainerItemProxy */;
		};
/* End PBXTargetDependency section */

/* Begin XCBuildConfiguration section */
		0C01F8943B016420854206F4 /* Debug */ = {
			isa = XCBuildConfiguration;
			buildSettings = {
				ASSETCATALOG_COMPILER_APPICON_NAME = AppIcon;
				ASSETCATALOG_COMPILER_INCLUDE_ALL_APPICON_ASSETS = YES;
				CODE_SIGN_IDENTITY = "iPhone Developer";
				INFOPLIST_KEY_LSApplicationCategoryType = "public.app-category.education";
				INFOPLIST_KEY_UIStatusBarStyle = "";
				INFOPLIST_KEY_UISupportedInterfaceOrientations = UIInterfaceOrientationPortrait;
				INFOPLIST_KEY_UISupportedInterfaceOrientations_iPad = "UIInterfaceOrientationPortrait UIInterfaceOrientationPortraitUpsideDown UIInterfaceOrientationLandscapeLeft UIInterfaceOrientationLandscapeRight";
				LD_RUNPATH_SEARCH_PATHS = (
					"$(inherited)",
					"@executable_path/Frameworks",
				);
				PRODUCT_BUNDLE_IDENTIFIER = com.BERNU.LearnPath;
				SDKROOT = iphoneos;
				TARGETED_DEVICE_FAMILY = "1,2";
			};
			name = Debug;
		};
		27A2ACD60E7F63F673C858F7 /* Release */ = {
			isa = XCBuildConfiguration;
			buildSettings = {
				BUNDLE_LOADER = "$(TEST_HOST)";
				LD_RUNPATH_SEARCH_PATHS = (
					"$(inherited)",
					"@executable_path/Frameworks",
					"@loader_path/Frameworks",
				);
				PRODUCT_BUNDLE_IDENTIFIER = com.learnpath.app.tests;
				SDKROOT = iphoneos;
				TARGETED_DEVICE_FAMILY = "1,2";
				TEST_HOST = "$(BUILT_PRODUCTS_DIR)/LearnPath.app/$(BUNDLE_EXECUTABLE_FOLDER_PATH)/LearnPath";
			};
			name = Release;
		};
		7EEC1D00C620E03FE01878BB /* Release */ = {
			isa = XCBuildConfiguration;
			buildSettings = {
				ALWAYS_SEARCH_USER_PATHS = NO;
				CLANG_ANALYZER_NONNULL = YES;
				CLANG_ANALYZER_NUMBER_OBJECT_CONVERSION = YES_AGGRESSIVE;
				CLANG_CXX_LANGUAGE_STANDARD = "gnu++14";
				CLANG_CXX_LIBRARY = "libc++";
				CLANG_ENABLE_MODULES = YES;
				CLANG_ENABLE_OBJC_ARC = YES;
				CLANG_ENABLE_OBJC_WEAK = YES;
				CLANG_WARN_BLOCK_CAPTURE_AUTORELEASING = YES;
				CLANG_WARN_BOOL_CONVERSION = YES;
				CLANG_WARN_COMMA = YES;
				CLANG_WARN_CONSTANT_CONVERSION = YES;
				CLANG_WARN_DEPRECATED_OBJC_IMPLEMENTATIONS = YES;
				CLANG_WARN_DIRECT_OBJC_ISA_USAGE = YES_ERROR;
				CLANG_WARN_DOCUMENTATION_COMMENTS = YES;
				CLANG_WARN_EMPTY_BODY = YES;
				CLANG_WARN_ENUM_CONVERSION = YES;
				CLANG_WARN_INFINITE_RECURSION = YES;
				CLANG_WARN_INT_CONVERSION = YES;
				CLANG_WARN_NON_LITERAL_NULL_CONVERSION = YES;
				CLANG_WARN_OBJC_IMPLICIT_RETAIN_SELF = YES;
				CLANG_WARN_OBJC_LITERAL_CONVERSION = YES;
				CLANG_WARN_OBJC_ROOT_CLASS = YES_ERROR;
				CLANG_WARN_QUOTED_INCLUDE_IN_FRAMEWORK_HEADER = YES;
				CLANG_WARN_RANGE_LOOP_ANALYSIS = YES;
				CLANG_WARN_STRICT_PROTOTYPES = YES;
				CLANG_WARN_SUSPICIOUS_MOVE = YES;
				CLANG_WARN_UNGUARDED_AVAILABILITY = YES_AGGRESSIVE;
				CLANG_WARN_UNREACHABLE_CODE = YES;
				CLANG_WARN__DUPLICATE_METHOD_MATCH = YES;
				CODE_SIGN_STYLE = Automatic;
				COPY_PHASE_STRIP = NO;
				CURRENT_PROJECT_VERSION = 1;
				DEBUG_INFORMATION_FORMAT = "dwarf-with-dsym";
				DEVELOPMENT_TEAM = 79FR46R3Y5;
				ENABLE_NS_ASSERTIONS = NO;
				ENABLE_STRICT_OBJC_MSGSEND = YES;
				GCC_C_LANGUAGE_STANDARD = gnu11;
				GCC_NO_COMMON_BLOCKS = YES;
				GCC_WARN_64_TO_32_BIT_CONVERSION = YES;
				GCC_WARN_ABOUT_RETURN_TYPE = YES_ERROR;
				GCC_WARN_UNDECLARED_SELECTOR = YES;
				GCC_WARN_UNINITIALIZED_AUTOS = YES_AGGRESSIVE;
				GCC_WARN_UNUSED_FUNCTION = YES;
				GCC_WARN_UNUSED_VARIABLE = YES;
				GENERATE_INFOPLIST_FILE = YES;
				INFOPLIST_KEY_CFBundleDisplayName = LearnPath;
				INFOPLIST_KEY_UIApplicationSceneManifest_Generation = YES;
				INFOPLIST_KEY_UILaunchScreen_Generation = YES;
				IPHONEOS_DEPLOYMENT_TARGET = 18.0;
				MARKETING_VERSION = 1.0;
				MTL_ENABLE_DEBUG_INFO = NO;
				MTL_FAST_MATH = YES;
				PRODUCT_NAME = "$(TARGET_NAME)";
				SDKROOT = iphoneos;
				SWIFT_COMPILATION_MODE = wholemodule;
				SWIFT_EMIT_LOC_STRINGS = YES;
				SWIFT_OPTIMIZATION_LEVEL = "-O";
				SWIFT_VERSION = 5.10;
				TARGETED_DEVICE_FAMILY = 1;
			};
			name = Release;
		};
		83D1A8742141F2DADDD79E32 /* Release */ = {
			isa = XCBuildConfiguration;
			buildSettings = {
				ASSETCATALOG_COMPILER_APPICON_NAME = AppIcon;
				ASSETCATALOG_COMPILER_INCLUDE_ALL_APPICON_ASSETS = YES;
				CODE_SIGN_IDENTITY = "iPhone Developer";
				INFOPLIST_KEY_LSApplicationCategoryType = "public.app-category.education";
				INFOPLIST_KEY_UIStatusBarStyle = "";
				INFOPLIST_KEY_UISupportedInterfaceOrientations = UIInterfaceOrientationPortrait;
				INFOPLIST_KEY_UISupportedInterfaceOrientations_iPad = "UIInterfaceOrientationPortrait UIInterfaceOrientationPortraitUpsideDown UIInterfaceOrientationLandscapeLeft UIInterfaceOrientationLandscapeRight";
				LD_RUNPATH_SEARCH_PATHS = (
					"$(inherited)",
					"@executable_path/Frameworks",
				);
				PRODUCT_BUNDLE_IDENTIFIER = com.BERNU.LearnPath;
				SDKROOT = iphoneos;
				TARGETED_DEVICE_FAMILY = "1,2";
			};
			name = Release;
		};
		C6A99407CBDB35944DB01AF1 /* Debug */ = {
			isa = XCBuildConfiguration;
			buildSettings = {
				ALWAYS_SEARCH_USER_PATHS = NO;
				CLANG_ANALYZER_NONNULL = YES;
				CLANG_ANALYZER_NUMBER_OBJECT_CONVERSION = YES_AGGRESSIVE;
				CLANG_CXX_LANGUAGE_STANDARD = "gnu++14";
				CLANG_CXX_LIBRARY = "libc++";
				CLANG_ENABLE_MODULES = YES;
				CLANG_ENABLE_OBJC_ARC = YES;
				CLANG_ENABLE_OBJC_WEAK = YES;
				CLANG_WARN_BLOCK_CAPTURE_AUTORELEASING = YES;
				CLANG_WARN_BOOL_CONVERSION = YES;
				CLANG_WARN_COMMA = YES;
				CLANG_WARN_CONSTANT_CONVERSION = YES;
				CLANG_WARN_DEPRECATED_OBJC_IMPLEMENTATIONS = YES;
				CLANG_WARN_DIRECT_OBJC_ISA_USAGE = YES_ERROR;
				CLANG_WARN_DOCUMENTATION_COMMENTS = YES;
				CLANG_WARN_EMPTY_BODY = YES;
				CLANG_WARN_ENUM_CONVERSION = YES;
				CLANG_WARN_INFINITE_RECURSION = YES;
				CLANG_WARN_INT_CONVERSION = YES;
				CLANG_WARN_NON_LITERAL_NULL_CONVERSION = YES;
				CLANG_WARN_OBJC_IMPLICIT_RETAIN_SELF = YES;
				CLANG_WARN_OBJC_LITERAL_CONVERSION = YES;
				CLANG_WARN_OBJC_ROOT_CLASS = YES_ERROR;
				CLANG_WARN_QUOTED_INCLUDE_IN_FRAMEWORK_HEADER = YES;
				CLANG_WARN_RANGE_LOOP_ANALYSIS = YES;
				CLANG_WARN_STRICT_PROTOTYPES = YES;
				CLANG_WARN_SUSPICIOUS_MOVE = YES;
				CLANG_WARN_UNGUARDED_AVAILABILITY = YES_AGGRESSIVE;
				CLANG_WARN_UNREACHABLE_CODE = YES;
				CLANG_WARN__DUPLICATE_METHOD_MATCH = YES;
				CODE_SIGN_STYLE = Automatic;
				COPY_PHASE_STRIP = NO;
				CURRENT_PROJECT_VERSION = 1;
				DEBUG_INFORMATION_FORMAT = dwarf;
				DEVELOPMENT_TEAM = 79FR46R3Y5;
				ENABLE_STRICT_OBJC_MSGSEND = YES;
				ENABLE_TESTABILITY = YES;
				GCC_C_LANGUAGE_STANDARD = gnu11;
				GCC_DYNAMIC_NO_PIC = NO;
				GCC_NO_COMMON_BLOCKS = YES;
				GCC_OPTIMIZATION_LEVEL = 0;
				GCC_PREPROCESSOR_DEFINITIONS = (
					"$(inherited)",
					"DEBUG=1",
				);
				GCC_WARN_64_TO_32_BIT_CONVERSION = YES;
				GCC_WARN_ABOUT_RETURN_TYPE = YES_ERROR;
				GCC_WARN_UNDECLARED_SELECTOR = YES;
				GCC_WARN_UNINITIALIZED_AUTOS = YES_AGGRESSIVE;
				GCC_WARN_UNUSED_FUNCTION = YES;
				GCC_WARN_UNUSED_VARIABLE = YES;
				GENERATE_INFOPLIST_FILE = YES;
				INFOPLIST_KEY_CFBundleDisplayName = LearnPath;
				INFOPLIST_KEY_UIApplicationSceneManifest_Generation = YES;
				INFOPLIST_KEY_UILaunchScreen_Generation = YES;
				IPHONEOS_DEPLOYMENT_TARGET = 18.0;
				MARKETING_VERSION = 1.0;
				MTL_ENABLE_DEBUG_INFO = INCLUDE_SOURCE;
				MTL_FAST_MATH = YES;
				ONLY_ACTIVE_ARCH = YES;
				PRODUCT_NAME = "$(TARGET_NAME)";
				SDKROOT = iphoneos;
				SWIFT_ACTIVE_COMPILATION_CONDITIONS = DEBUG;
				SWIFT_EMIT_LOC_STRINGS = YES;
				SWIFT_OPTIMIZATION_LEVEL = "-Onone";
				SWIFT_VERSION = 5.10;
				TARGETED_DEVICE_FAMILY = 1;
			};
			name = Debug;
		};
		E86486DA3E3490D1177BEFFE /* Debug */ = {
			isa = XCBuildConfiguration;
			buildSettings = {
				BUNDLE_LOADER = "$(TEST_HOST)";
				LD_RUNPATH_SEARCH_PATHS = (
					"$(inherited)",
					"@executable_path/Frameworks",
					"@loader_path/Frameworks",
				);
				PRODUCT_BUNDLE_IDENTIFIER = com.learnpath.app.tests;
				SDKROOT = iphoneos;
				TARGETED_DEVICE_FAMILY = "1,2";
				TEST_HOST = "$(BUILT_PRODUCTS_DIR)/LearnPath.app/$(BUNDLE_EXECUTABLE_FOLDER_PATH)/LearnPath";
			};
			name = Debug;
		};
/* End XCBuildConfiguration section */

/* Begin XCConfigurationList section */
		0DFFCD28FAFDFCCB757E9559 /* Build configuration list for PBXNativeTarget "LearnPathTests" */ = {
			isa = XCConfigurationList;
			buildConfigurations = (
				E86486DA3E3490D1177BEFFE /* Debug */,
				27A2ACD60E7F63F673C858F7 /* Release */,
			);
			defaultConfigurationIsVisible = 0;
			defaultConfigurationName = Debug;
		};
		5145A99F13F79B061E3CD25B /* Build configuration list for PBXProject "LearnPath" */ = {
			isa = XCConfigurationList;
			buildConfigurations = (
				C6A99407CBDB35944DB01AF1 /* Debug */,
				7EEC1D00C620E03FE01878BB /* Release */,
			);
			defaultConfigurationIsVisible = 0;
			defaultConfigurationName = Debug;
		};
		6578CE5AEE2492E389D4F08B /* Build configuration list for PBXNativeTarget "LearnPath" */ = {
			isa = XCConfigurationList;
			buildConfigurations = (
				0C01F8943B016420854206F4 /* Debug */,
				83D1A8742141F2DADDD79E32 /* Release */,
			);
			defaultConfigurationIsVisible = 0;
			defaultConfigurationName = Debug;
		};
/* End XCConfigurationList section */

/* Begin XCLocalSwiftPackageReference section */
		332F855673114704CED42E19 /* XCLocalSwiftPackageReference "Vendor/CoreML-LLM" */ = {
			isa = XCLocalSwiftPackageReference;
			relativePath = "Vendor/CoreML-LLM";
		};
/* End XCLocalSwiftPackageReference section */

/* Begin XCSwiftPackageProductDependency section */
		05D16C3895D85679E90656DB /* CoreMLLLM */ = {
			isa = XCSwiftPackageProductDependency;
			productName = CoreMLLLM;
		};
/* End XCSwiftPackageProductDependency section */
	};
	rootObject = 880E24606934E9503A2F92B0 /* Project object */;
}
