PODS:
  - Flutter (1.0.0)
  - llama_cpp_dart_ios (0.2.2):
    - Flutter

DEPENDENCIES:
  - Flutter (from `Flutter`)
  - llama_cpp_dart_ios (from `.symlinks/plugins/llama_cpp_dart_ios/ios`)

EXTERNAL SOURCES:
  Flutter:
    :path: Flutter
  llama_cpp_dart_ios:
    :path: ".symlinks/plugins/llama_cpp_dart_ios/ios"

SPEC CHECKSUMS:
  Flutter: 71a624a5bc0c04062bf19101d501e466baf2fb47
  llama_cpp_dart_ios: 9b8ba896487baae5fe4816ce1fbf827772c78de7

PODFILE CHECKSUM: 3ba3a73b1b12adcf321a227a745625fe0888cc82

COCOAPODS: 1.17.0
